
Microsoft Visual Studio Solution File, Format Version 12.00
# Visual Studio Version 17
VisualStudioVersion = 17.4.33213.308
MinimumVisualStudioVersion = 10.0.40219.1
Project("{FAE04EC0-301F-11D3-BF4B-00C04F79EFBC}") = "WebApplication1", "WebApplication1.csproj", "{08147BC8-FFFB-461E-A405-0E3CAE3EE4AA}"
EndProject
Global
	GlobalSection(SolutionConfigurationPlatforms) = preSolution
		Debug|Any CPU = Debug|Any CPU
		Release|Any CPU = Release|Any CPU
	EndGlobalSection
	GlobalSection(ProjectConfigurationPlatforms) = postSolution
		{08147BC8-FFFB-461E-A405-0E3CAE3EE4AA}.Debug|Any CPU.ActiveCfg = Debug|Any CPU
		{08147BC8-FFFB-461E-A405-0E3CAE3EE4AA}.Debug|Any CPU.Build.0 = Debug|Any CPU
		{08147BC8-FFFB-461E-A405-0E3CAE3EE4AA}.Release|Any CPU.ActiveCfg = Release|Any CPU
		{08147BC8-FFFB-461E-A405-0E3CAE3EE4AA}.Release|Any CPU.Build.0 = Release|Any CPU
	EndGlobalSection
	GlobalSection(SolutionProperties) = preSolution
		HideSolutionNode = FALSE
	EndGlobalSection
	GlobalSection(ExtensibilityGlobals) = postSolution
		SolutionGuid = {A08A797B-3F08-4B66-9BEB-CBA41A562C60}
	EndGlobalSection
EndGlobal
