
Microsoft Visual Studio Solution File, Format Version 12.00
# Visual Studio Version 17
VisualStudioVersion = 17.4.33213.308
MinimumVisualStudioVersion = 10.0.40219.1
Project("{FAE04EC0-301F-11D3-BF4B-00C04F79EFBC}") = "WebApplication2", "WebApplication2.csproj", "{972613F7-D370-4CAD-80B6-C71EFC2638B5}"
EndProject
Global
	GlobalSection(SolutionConfigurationPlatforms) = preSolution
		Debug|Any CPU = Debug|Any CPU
		Release|Any CPU = Release|Any CPU
	EndGlobalSection
	GlobalSection(ProjectConfigurationPlatforms) = postSolution
		{972613F7-D370-4CAD-80B6-C71EFC2638B5}.Debug|Any CPU.ActiveCfg = Debug|Any CPU
		{972613F7-D370-4CAD-80B6-C71EFC2638B5}.Debug|Any CPU.Build.0 = Debug|Any CPU
		{972613F7-D370-4CAD-80B6-C71EFC2638B5}.Release|Any CPU.ActiveCfg = Release|Any CPU
		{972613F7-D370-4CAD-80B6-C71EFC2638B5}.Release|Any CPU.Build.0 = Release|Any CPU
	EndGlobalSection
	GlobalSection(SolutionProperties) = preSolution
		HideSolutionNode = FALSE
	EndGlobalSection
	GlobalSection(ExtensibilityGlobals) = postSolution
		SolutionGuid = {10E397BC-44B3-4D16-9559-7BBE94A803CC}
	EndGlobalSection
EndGlobal
